
Microsoft Visual Studio Solution File, Format Version 12.00
# Visual Studio Version 17
VisualStudioVersion = 17.12.35707.178 d17.12
MinimumVisualStudioVersion = 10.0.40219.1
Project("{FAE04EC0-301F-11D3-BF4B-00C04F79EFBC}") = "CapaPresentacion", "CapaPresentacion.csproj", "{9AFFC1D7-A96A-4D5C-BBD6-631BA074345F}"
EndProject
Project("{FAE04EC0-301F-11D3-BF4B-00C04F79EFBC}") = "CapaLogicaNegocio", "..\LogicaNegocio\CapaLogicaNegocio.csproj", "{3A6508F8-294C-4E33-9E4A-516CE18853F1}"
EndProject
Project("{FAE04EC0-301F-11D3-BF4B-00C04F79EFBC}") = "CapaEntidades", "..\CapaEntidades\CapaEntidades.csproj", "{EB84DADE-380C-4D3F-AC4A-6A2558490E9B}"
EndProject
Project("{FAE04EC0-301F-11D3-BF4B-00C04F79EFBC}") = "CapaAccesoDatos", "..\CapaAccesoDatos\CapaAccesoDatos.csproj", "{7D631187-A1E8-4AA1-93A5-1AA123006541}"
EndProject
Global
	GlobalSection(SolutionConfigurationPlatforms) = preSolution
		Debug|Any CPU = Debug|Any CPU
		Release|Any CPU = Release|Any CPU
	EndGlobalSection
	GlobalSection(ProjectConfigurationPlatforms) = postSolution
		{9AFFC1D7-A96A-4D5C-BBD6-631BA074345F}.Debug|Any CPU.ActiveCfg = Debug|Any CPU
		{9AFFC1D7-A96A-4D5C-BBD6-631BA074345F}.Debug|Any CPU.Build.0 = Debug|Any CPU
		{9AFFC1D7-A96A-4D5C-BBD6-631BA074345F}.Release|Any CPU.ActiveCfg = Release|Any CPU
		{9AFFC1D7-A96A-4D5C-BBD6-631BA074345F}.Release|Any CPU.Build.0 = Release|Any CPU
		{3A6508F8-294C-4E33-9E4A-516CE18853F1}.Debug|Any CPU.ActiveCfg = Debug|Any CPU
		{3A6508F8-294C-4E33-9E4A-516CE18853F1}.Debug|Any CPU.Build.0 = Debug|Any CPU
		{3A6508F8-294C-4E33-9E4A-516CE18853F1}.Release|Any CPU.ActiveCfg = Release|Any CPU
		{3A6508F8-294C-4E33-9E4A-516CE18853F1}.Release|Any CPU.Build.0 = Release|Any CPU
		{EB84DADE-380C-4D3F-AC4A-6A2558490E9B}.Debug|Any CPU.ActiveCfg = Debug|Any CPU
		{EB84DADE-380C-4D3F-AC4A-6A2558490E9B}.Debug|Any CPU.Build.0 = Debug|Any CPU
		{EB84DADE-380C-4D3F-AC4A-6A2558490E9B}.Release|Any CPU.ActiveCfg = Release|Any CPU
		{EB84DADE-380C-4D3F-AC4A-6A2558490E9B}.Release|Any CPU.Build.0 = Release|Any CPU
		{7D631187-A1E8-4AA1-93A5-1AA123006541}.Debug|Any CPU.ActiveCfg = Debug|Any CPU
		{7D631187-A1E8-4AA1-93A5-1AA123006541}.Debug|Any CPU.Build.0 = Debug|Any CPU
		{7D631187-A1E8-4AA1-93A5-1AA123006541}.Release|Any CPU.ActiveCfg = Release|Any CPU
		{7D631187-A1E8-4AA1-93A5-1AA123006541}.Release|Any CPU.Build.0 = Release|Any CPU
	EndGlobalSection
	GlobalSection(SolutionProperties) = preSolution
		HideSolutionNode = FALSE
	EndGlobalSection
EndGlobal
